
Microsoft Visual Studio Solution File, Format Version 12.00
# Visual Studio 15
VisualStudioVersion = 15.0.28307.168
MinimumVisualStudioVersion = 10.0.40219.1
Project("{9092AA53-FB77-4645-B42D-1CCCA6BD08BD}") = "CryptoApp", "CryptoApp\CryptoApp.njsproj", "{629C5FCE-A7AA-4E40-843B-7B55C8013075}"
EndProject
Global
	GlobalSection(SolutionConfigurationPlatforms) = preSolution
		Debug|Any CPU = Debug|Any CPU
		Release|Any CPU = Release|Any CPU
	EndGlobalSection
	GlobalSection(ProjectConfigurationPlatforms) = postSolution
		{629C5FCE-A7AA-4E40-843B-7B55C8013075}.Debug|Any CPU.ActiveCfg = Debug|Any CPU
		{629C5FCE-A7AA-4E40-843B-7B55C8013075}.Debug|Any CPU.Build.0 = Debug|Any CPU
		{629C5FCE-A7AA-4E40-843B-7B55C8013075}.Release|Any CPU.ActiveCfg = Release|Any CPU
		{629C5FCE-A7AA-4E40-843B-7B55C8013075}.Release|Any CPU.Build.0 = Release|Any CPU
	EndGlobalSection
	GlobalSection(SolutionProperties) = preSolution
		HideSolutionNode = FALSE
	EndGlobalSection
	GlobalSection(ExtensibilityGlobals) = postSolution
		SolutionGuid = {CAF83488-6915-427F-9849-60F6B3DB9230}
	EndGlobalSection
EndGlobal
